{
  "name": "Discord-Server-info-finder",  // Replace with your actual project name
  "version": "1.0.0",
  "lockfileVersion": 1,
  "dependencies": {
    "node-fetch": {
      "version": "2.6.7",  // Replace with the actual version if necessary
      "resolved": "https://registry.npmjs.org/node-fetch/-/node-fetch-2.6.7.tgz",
      "engines": {
        "node": ">=6.0.0"
      }
    }
  }
}
